
Microsoft Visual Studio Solution File, Format Version 12.00
# Visual Studio Version 17
VisualStudioVersion = 17.7.34024.191
MinimumVisualStudioVersion = 10.0.40219.1
Project("{9A19103F-16F7-4668-BE54-9A1E7A4F7556}") = "Group4.FacilitiesReport.DTO", "Group4.FacilitiesReport.DTO\Group4.FacilitiesReport.DTO.csproj", "{8BD22A6C-2D8C-40B6-8E9F-C6CFF398A4E3}"
EndProject
Project("{9A19103F-16F7-4668-BE54-9A1E7A4F7556}") = "Group4.FacilitiesReport.Interface", "Group4.FacilitiesReport.Interface\Group4.FacilitiesReport.Interface.csproj", "{AAF60375-B719-447B-9A1D-6423A99939FB}"
EndProject
Project("{9A19103F-16F7-4668-BE54-9A1E7A4F7556}") = "Group4.FacilitiesReport.API", "Group4.FacilitiesReport.API\Group4.FacilitiesReport.API.csproj", "{DFB6C1C6-2BE8-42DE-A283-2EB0B1F6C7CD}"
EndProject
Project("{9A19103F-16F7-4668-BE54-9A1E7A4F7556}") = "Group4.FacilitiesReport.Repositories", "Group4.FacilitiesReport.Repositories\Group4.FacilitiesReport.Repositories.csproj", "{EE1F1294-3A0E-455D-BBB8-F60DD64B0690}"
EndProject
Global
	GlobalSection(SolutionConfigurationPlatforms) = preSolution
		Debug|Any CPU = Debug|Any CPU
		Release|Any CPU = Release|Any CPU
	EndGlobalSection
	GlobalSection(ProjectConfigurationPlatforms) = postSolution
		{8BD22A6C-2D8C-40B6-8E9F-C6CFF398A4E3}.Debug|Any CPU.ActiveCfg = Debug|Any CPU
		{8BD22A6C-2D8C-40B6-8E9F-C6CFF398A4E3}.Debug|Any CPU.Build.0 = Debug|Any CPU
		{8BD22A6C-2D8C-40B6-8E9F-C6CFF398A4E3}.Release|Any CPU.ActiveCfg = Release|Any CPU
		{8BD22A6C-2D8C-40B6-8E9F-C6CFF398A4E3}.Release|Any CPU.Build.0 = Release|Any CPU
		{AAF60375-B719-447B-9A1D-6423A99939FB}.Debug|Any CPU.ActiveCfg = Debug|Any CPU
		{AAF60375-B719-447B-9A1D-6423A99939FB}.Debug|Any CPU.Build.0 = Debug|Any CPU
		{AAF60375-B719-447B-9A1D-6423A99939FB}.Release|Any CPU.ActiveCfg = Release|Any CPU
		{AAF60375-B719-447B-9A1D-6423A99939FB}.Release|Any CPU.Build.0 = Release|Any CPU
		{DFB6C1C6-2BE8-42DE-A283-2EB0B1F6C7CD}.Debug|Any CPU.ActiveCfg = Debug|Any CPU
		{DFB6C1C6-2BE8-42DE-A283-2EB0B1F6C7CD}.Debug|Any CPU.Build.0 = Debug|Any CPU
		{DFB6C1C6-2BE8-42DE-A283-2EB0B1F6C7CD}.Release|Any CPU.ActiveCfg = Release|Any CPU
		{DFB6C1C6-2BE8-42DE-A283-2EB0B1F6C7CD}.Release|Any CPU.Build.0 = Release|Any CPU
		{EE1F1294-3A0E-455D-BBB8-F60DD64B0690}.Debug|Any CPU.ActiveCfg = Debug|Any CPU
		{EE1F1294-3A0E-455D-BBB8-F60DD64B0690}.Debug|Any CPU.Build.0 = Debug|Any CPU
		{EE1F1294-3A0E-455D-BBB8-F60DD64B0690}.Release|Any CPU.ActiveCfg = Release|Any CPU
		{EE1F1294-3A0E-455D-BBB8-F60DD64B0690}.Release|Any CPU.Build.0 = Release|Any CPU
	EndGlobalSection
	GlobalSection(SolutionProperties) = preSolution
		HideSolutionNode = FALSE
	EndGlobalSection
	GlobalSection(ExtensibilityGlobals) = postSolution
		SolutionGuid = {CC7F7559-CFC2-41F8-8143-B2B523D35E36}
	EndGlobalSection
EndGlobal
